// !$*UTF8*$!
{
	archiveVersion = 1;
	classes = {
	};
	objectVersion = 50;
	objects = {

/* Begin PBXBuildFile section */
		0D8DFFC8203240193A6746DE /* Pods_GuidomiaTests.framework in Frameworks */ = {isa = PBXBuildFile; fileRef = C555F5E3223D5F8A28041972 /* Pods_GuidomiaTests.framework */; };
		6B436635A1A1D212C9B07E3D /* Pods_Guidomia.framework in Frameworks */ = {isa = PBXBuildFile; fileRef = 92758FF324506622E6FF0B12 /* Pods_Guidomia.framework */; };
		9FBDB1DB41B7B607AF86BBF1 /* Pods_Guidomia_GuidomiaUITests.framework in Frameworks */ = {isa = PBXBuildFile; fileRef = C320EC3D9994AB30AFADC5F5 /* Pods_Guidomia_GuidomiaUITests.framework */; };
		F35832C9262A201C005D1746 /* AppDelegate.swift in Sources */ = {isa = PBXBuildFile; fileRef = F35832C8262A201C005D1746 /* AppDelegate.swift */; };
		F35832CB262A201C005D1746 /* SceneDelegate.swift in Sources */ = {isa = PBXBuildFile; fileRef = F35832CA262A201C005D1746 /* SceneDelegate.swift */; };
		F35832CD262A201C005D1746 /* ViewController.swift in Sources */ = {isa = PBXBuildFile; fileRef = F35832CC262A201C005D1746 /* ViewController.swift */; };
		F35832D0262A201C005D1746 /* Main.storyboard in Resources */ = {isa = PBXBuildFile; fileRef = F35832CE262A201C005D1746 /* Main.storyboard */; };
		F35832D2262A201D005D1746 /* Assets.xcassets in Resources */ = {isa = PBXBuildFile; fileRef = F35832D1262A201D005D1746 /* Assets.xcassets */; };
		F35832D5262A201D005D1746 /* LaunchScreen.storyboard in Resources */ = {isa = PBXBuildFile; fileRef = F35832D3262A201D005D1746 /* LaunchScreen.storyboard */; };
		F35832E0262A201E005D1746 /* GuidomiaTests.swift in Sources */ = {isa = PBXBuildFile; fileRef = F35832DF262A201E005D1746 /* GuidomiaTests.swift */; };
		F35832EB262A201E005D1746 /* GuidomiaUITests.swift in Sources */ = {isa = PBXBuildFile; fileRef = F35832EA262A201E005D1746 /* GuidomiaUITests.swift */; };
		F3583309262A21DF005D1746 /* car_list.json in Resources */ = {isa = PBXBuildFile; fileRef = F3583308262A21DF005D1746 /* car_list.json */; };
		F3583312262A21FF005D1746 /* Tacoma.jpg in Resources */ = {isa = PBXBuildFile; fileRef = F358330D262A21FF005D1746 /* Tacoma.jpg */; };
		F3583313262A21FF005D1746 /* Alpine_roadster.jpg in Resources */ = {isa = PBXBuildFile; fileRef = F358330E262A21FF005D1746 /* Alpine_roadster.jpg */; };
		F3583314262A21FF005D1746 /* BMW_330i.jpg in Resources */ = {isa = PBXBuildFile; fileRef = F358330F262A21FF005D1746 /* BMW_330i.jpg */; };
		F3583315262A21FF005D1746 /* Mercedez_benz_GLC.jpg in Resources */ = {isa = PBXBuildFile; fileRef = F3583310262A21FF005D1746 /* Mercedez_benz_GLC.jpg */; };
		F3583316262A21FF005D1746 /* Range_Rover.jpg in Resources */ = {isa = PBXBuildFile; fileRef = F3583311262A21FF005D1746 /* Range_Rover.jpg */; };
		F358331C262A23BC005D1746 /* CarModel.swift in Sources */ = {isa = PBXBuildFile; fileRef = F358331B262A23BC005D1746 /* CarModel.swift */; };
		F362BECF262E6BA400538B2A /* K.swift in Sources */ = {isa = PBXBuildFile; fileRef = F362BECE262E6BA400538B2A /* K.swift */; };
		F362BED6262E6D2F00538B2A /* CarListTableViewCell.swift in Sources */ = {isa = PBXBuildFile; fileRef = F362BED4262E6D2F00538B2A /* CarListTableViewCell.swift */; };
		F362BED7262E6D2F00538B2A /* CarListTableViewCell.xib in Resources */ = {isa = PBXBuildFile; fileRef = F362BED5262E6D2F00538B2A /* CarListTableViewCell.xib */; };
		F362BEEB262E7C0800538B2A /* CustomView.swift in Sources */ = {isa = PBXBuildFile; fileRef = F362BEE8262E7C0800538B2A /* CustomView.swift */; };
		F362BEEC262E7C0800538B2A /* RoundedRectButton.swift in Sources */ = {isa = PBXBuildFile; fileRef = F362BEE9262E7C0800538B2A /* RoundedRectButton.swift */; };
		F362BEED262E7C0800538B2A /* Loader.swift in Sources */ = {isa = PBXBuildFile; fileRef = F362BEEA262E7C0800538B2A /* Loader.swift */; };
		F36FEBAD262CC41400484710 /* NetwrokManager.swift in Sources */ = {isa = PBXBuildFile; fileRef = F36FEBAC262CC41400484710 /* NetwrokManager.swift */; };
		F36FEBB2262CC76200484710 /* CarViewModel.swift in Sources */ = {isa = PBXBuildFile; fileRef = F36FEBB1262CC76200484710 /* CarViewModel.swift */; };
/* End PBXBuildFile section */

/* Begin PBXContainerItemProxy section */
		F35832DC262A201E005D1746 /* PBXContainerItemProxy */ = {
			isa = PBXContainerItemProxy;
			containerPortal = F35832BD262A201C005D1746 /* Project object */;
			proxyType = 1;
			remoteGlobalIDString = F35832C4262A201C005D1746;
			remoteInfo = Guidomia;
		};
		F35832E7262A201E005D1746 /* PBXContainerItemProxy */ = {
			isa = PBXContainerItemProxy;
			containerPortal = F35832BD262A201C005D1746 /* Project object */;
			proxyType = 1;
			remoteGlobalIDString = F35832C4262A201C005D1746;
			remoteInfo = Guidomia;
		};
/* End PBXContainerItemProxy section */

/* Begin PBXFileReference section */
		046FF286232C58F411A199A7 /* Pods-GuidomiaTests.release.xcconfig */ = {isa = PBXFileReference; includeInIndex = 1; lastKnownFileType = text.xcconfig; name = "Pods-GuidomiaTests.release.xcconfig"; path = "Target Support Files/Pods-GuidomiaTests/Pods-GuidomiaTests.release.xcconfig"; sourceTree = "<group>"; };
		3EF2A001663BAA7BEAF2F68C /* Pods-Guidomia.release.xcconfig */ = {isa = PBXFileReference; includeInIndex = 1; lastKnownFileType = text.xcconfig; name = "Pods-Guidomia.release.xcconfig"; path = "Target Support Files/Pods-Guidomia/Pods-Guidomia.release.xcconfig"; sourceTree = "<group>"; };
		431A8BD81087F5F9BDEFEF17 /* Pods-Guidomia-GuidomiaUITests.release.xcconfig */ = {isa = PBXFileReference; includeInIndex = 1; lastKnownFileType = text.xcconfig; name = "Pods-Guidomia-GuidomiaUITests.release.xcconfig"; path = "Target Support Files/Pods-Guidomia-GuidomiaUITests/Pods-Guidomia-GuidomiaUITests.release.xcconfig"; sourceTree = "<group>"; };
		92758FF324506622E6FF0B12 /* Pods_Guidomia.framework */ = {isa = PBXFileReference; explicitFileType = wrapper.framework; includeInIndex = 0; path = Pods_Guidomia.framework; sourceTree = BUILT_PRODUCTS_DIR; };
		93C0B8847D708304148613EC /* Pods-GuidomiaTests.debug.xcconfig */ = {isa = PBXFileReference; includeInIndex = 1; lastKnownFileType = text.xcconfig; name = "Pods-GuidomiaTests.debug.xcconfig"; path = "Target Support Files/Pods-GuidomiaTests/Pods-GuidomiaTests.debug.xcconfig"; sourceTree = "<group>"; };
		C320EC3D9994AB30AFADC5F5 /* Pods_Guidomia_GuidomiaUITests.framework */ = {isa = PBXFileReference; explicitFileType = wrapper.framework; includeInIndex = 0; path = Pods_Guidomia_GuidomiaUITests.framework; sourceTree = BUILT_PRODUCTS_DIR; };
		C555F5E3223D5F8A28041972 /* Pods_GuidomiaTests.framework */ = {isa = PBXFileReference; explicitFileType = wrapper.framework; includeInIndex = 0; path = Pods_GuidomiaTests.framework; sourceTree = BUILT_PRODUCTS_DIR; };
		D96CAFE2946770CF608CFA43 /* Pods-Guidomia.debug.xcconfig */ = {isa = PBXFileReference; includeInIndex = 1; lastKnownFileType = text.xcconfig; name = "Pods-Guidomia.debug.xcconfig"; path = "Target Support Files/Pods-Guidomia/Pods-Guidomia.debug.xcconfig"; sourceTree = "<group>"; };
		E644FD739C8954F397E34CD7 /* Pods-Guidomia-GuidomiaUITests.debug.xcconfig */ = {isa = PBXFileReference; includeInIndex = 1; lastKnownFileType = text.xcconfig; name = "Pods-Guidomia-GuidomiaUITests.debug.xcconfig"; path = "Target Support Files/Pods-Guidomia-GuidomiaUITests/Pods-Guidomia-GuidomiaUITests.debug.xcconfig"; sourceTree = "<group>"; };
		F35832C5262A201C005D1746 /* Guidomia.app */ = {isa = PBXFileReference; explicitFileType = wrapper.application; includeInIndex = 0; path = Guidomia.app; sourceTree = BUILT_PRODUCTS_DIR; };
		F35832C8262A201C005D1746 /* AppDelegate.swift */ = {isa = PBXFileReference; lastKnownFileType = sourcecode.swift; path = AppDelegate.swift; sourceTree = "<group>"; };
		F35832CA262A201C005D1746 /* SceneDelegate.swift */ = {isa = PBXFileReference; lastKnownFileType = sourcecode.swift; path = SceneDelegate.swift; sourceTree = "<group>"; };
		F35832CC262A201C005D1746 /* ViewController.swift */ = {isa = PBXFileReference; lastKnownFileType = sourcecode.swift; path = ViewController.swift; sourceTree = "<group>"; };
		F35832CF262A201C005D1746 /* Base */ = {isa = PBXFileReference; lastKnownFileType = file.storyboard; name = Base; path = Base.lproj/Main.storyboard; sourceTree = "<group>"; };
		F35832D1262A201D005D1746 /* Assets.xcassets */ = {isa = PBXFileReference; lastKnownFileType = folder.assetcatalog; path = Assets.xcassets; sourceTree = "<group>"; };
		F35832D4262A201D005D1746 /* Base */ = {isa = PBXFileReference; lastKnownFileType = file.storyboard; name = Base; path = Base.lproj/LaunchScreen.storyboard; sourceTree = "<group>"; };
		F35832D6262A201D005D1746 /* Info.plist */ = {isa = PBXFileReference; lastKnownFileType = text.plist.xml; path = Info.plist; sourceTree = "<group>"; };
		F35832DB262A201E005D1746 /* GuidomiaTests.xctest */ = {isa = PBXFileReference; explicitFileType = wrapper.cfbundle; includeInIndex = 0; path = GuidomiaTests.xctest; sourceTree = BUILT_PRODUCTS_DIR; };
		F35832DF262A201E005D1746 /* GuidomiaTests.swift */ = {isa = PBXFileReference; lastKnownFileType = sourcecode.swift; path = GuidomiaTests.swift; sourceTree = "<group>"; };
		F35832E1262A201E005D1746 /* Info.plist */ = {isa = PBXFileReference; lastKnownFileType = text.plist.xml; path = Info.plist; sourceTree = "<group>"; };
		F35832E6262A201E005D1746 /* GuidomiaUITests.xctest */ = {isa = PBXFileReference; explicitFileType = wrapper.cfbundle; includeInIndex = 0; path = GuidomiaUITests.xctest; sourceTree = BUILT_PRODUCTS_DIR; };
		F35832EA262A201E005D1746 /* GuidomiaUITests.swift */ = {isa = PBXFileReference; lastKnownFileType = sourcecode.swift; path = GuidomiaUITests.swift; sourceTree = "<group>"; };
		F35832EC262A201E005D1746 /* Info.plist */ = {isa = PBXFileReference; lastKnownFileType = text.plist.xml; path = Info.plist; sourceTree = "<group>"; };
		F3583308262A21DF005D1746 /* car_list.json */ = {isa = PBXFileReference; fileEncoding = 4; lastKnownFileType = text.json; path = car_list.json; sourceTree = "<group>"; };
		F358330D262A21FF005D1746 /* Tacoma.jpg */ = {isa = PBXFileReference; lastKnownFileType = image.jpeg; path = Tacoma.jpg; sourceTree = "<group>"; };
		F358330E262A21FF005D1746 /* Alpine_roadster.jpg */ = {isa = PBXFileReference; lastKnownFileType = image.jpeg; path = Alpine_roadster.jpg; sourceTree = "<group>"; };
		F358330F262A21FF005D1746 /* BMW_330i.jpg */ = {isa = PBXFileReference; lastKnownFileType = image.jpeg; path = BMW_330i.jpg; sourceTree = "<group>"; };
		F3583310262A21FF005D1746 /* Mercedez_benz_GLC.jpg */ = {isa = PBXFileReference; lastKnownFileType = image.jpeg; path = Mercedez_benz_GLC.jpg; sourceTree = "<group>"; };
		F3583311262A21FF005D1746 /* Range_Rover.jpg */ = {isa = PBXFileReference; lastKnownFileType = image.jpeg; path = Range_Rover.jpg; sourceTree = "<group>"; };
		F358331B262A23BC005D1746 /* CarModel.swift */ = {isa = PBXFileReference; lastKnownFileType = sourcecode.swift; path = CarModel.swift; sourceTree = "<group>"; };
		F362BECE262E6BA400538B2A /* K.swift */ = {isa = PBXFileReference; lastKnownFileType = sourcecode.swift; path = K.swift; sourceTree = "<group>"; };
		F362BED4262E6D2F00538B2A /* CarListTableViewCell.swift */ = {isa = PBXFileReference; lastKnownFileType = sourcecode.swift; path = CarListTableViewCell.swift; sourceTree = "<group>"; };
		F362BED5262E6D2F00538B2A /* CarListTableViewCell.xib */ = {isa = PBXFileReference; lastKnownFileType = file.xib; path = CarListTableViewCell.xib; sourceTree = "<group>"; };
		F362BEE8262E7C0800538B2A /* CustomView.swift */ = {isa = PBXFileReference; fileEncoding = 4; lastKnownFileType = sourcecode.swift; path = CustomView.swift; sourceTree = "<group>"; };
		F362BEE9262E7C0800538B2A /* RoundedRectButton.swift */ = {isa = PBXFileReference; fileEncoding = 4; lastKnownFileType = sourcecode.swift; path = RoundedRectButton.swift; sourceTree = "<group>"; };
		F362BEEA262E7C0800538B2A /* Loader.swift */ = {isa = PBXFileReference; fileEncoding = 4; lastKnownFileType = sourcecode.swift; path = Loader.swift; sourceTree = "<group>"; };
		F36FEBAC262CC41400484710 /* NetwrokManager.swift */ = {isa = PBXFileReference; fileEncoding = 4; lastKnownFileType = sourcecode.swift; path = NetwrokManager.swift; sourceTree = "<group>"; };
		F36FEBB1262CC76200484710 /* CarViewModel.swift */ = {isa = PBXFileReference; lastKnownFileType = sourcecode.swift; path = CarViewModel.swift; sourceTree = "<group>"; };
/* End PBXFileReference section */

/* Begin PBXFrameworksBuildPhase section */
		F35832C2262A201C005D1746 /* Frameworks */ = {
			isa = PBXFrameworksBuildPhase;
			buildActionMask = 2147483647;
			files = (
				6B436635A1A1D212C9B07E3D /* Pods_Guidomia.framework in Frameworks */,
			);
			runOnlyForDeploymentPostprocessing = 0;
		};
		F35832D8262A201E005D1746 /* Frameworks */ = {
			isa = PBXFrameworksBuildPhase;
			buildActionMask = 2147483647;
			files = (
				0D8DFFC8203240193A6746DE /* Pods_GuidomiaTests.framework in Frameworks */,
			);
			runOnlyForDeploymentPostprocessing = 0;
		};
		F35832E3262A201E005D1746 /* Frameworks */ = {
			isa = PBXFrameworksBuildPhase;
			buildActionMask = 2147483647;
			files = (
				9FBDB1DB41B7B607AF86BBF1 /* Pods_Guidomia_GuidomiaUITests.framework in Frameworks */,
			);
			runOnlyForDeploymentPostprocessing = 0;
		};
/* End PBXFrameworksBuildPhase section */

/* Begin PBXGroup section */
		2E516A4D008C20960A0621D7 /* Pods */ = {
			isa = PBXGroup;
			children = (
				D96CAFE2946770CF608CFA43 /* Pods-Guidomia.debug.xcconfig */,
				3EF2A001663BAA7BEAF2F68C /* Pods-Guidomia.release.xcconfig */,
				E644FD739C8954F397E34CD7 /* Pods-Guidomia-GuidomiaUITests.debug.xcconfig */,
				431A8BD81087F5F9BDEFEF17 /* Pods-Guidomia-GuidomiaUITests.release.xcconfig */,
				93C0B8847D708304148613EC /* Pods-GuidomiaTests.debug.xcconfig */,
				046FF286232C58F411A199A7 /* Pods-GuidomiaTests.release.xcconfig */,
			);
			name = Pods;
			path = Pods;
			sourceTree = "<group>";
		};
		EAD37BD0AA1229B7D1773AF5 /* Frameworks */ = {
			isa = PBXGroup;
			children = (
				92758FF324506622E6FF0B12 /* Pods_Guidomia.framework */,
				C320EC3D9994AB30AFADC5F5 /* Pods_Guidomia_GuidomiaUITests.framework */,
				C555F5E3223D5F8A28041972 /* Pods_GuidomiaTests.framework */,
			);
			name = Frameworks;
			sourceTree = "<group>";
		};
		F35832BC262A201C005D1746 = {
			isa = PBXGroup;
			children = (
				F35832C7262A201C005D1746 /* Guidomia */,
				F35832DE262A201E005D1746 /* GuidomiaTests */,
				F35832E9262A201E005D1746 /* GuidomiaUITests */,
				F35832C6262A201C005D1746 /* Products */,
				2E516A4D008C20960A0621D7 /* Pods */,
				EAD37BD0AA1229B7D1773AF5 /* Frameworks */,
			);
			sourceTree = "<group>";
		};
		F35832C6262A201C005D1746 /* Products */ = {
			isa = PBXGroup;
			children = (
				F35832C5262A201C005D1746 /* Guidomia.app */,
				F35832DB262A201E005D1746 /* GuidomiaTests.xctest */,
				F35832E6262A201E005D1746 /* GuidomiaUITests.xctest */,
			);
			name = Products;
			sourceTree = "<group>";
		};
		F35832C7262A201C005D1746 /* Guidomia */ = {
			isa = PBXGroup;
			children = (
				F35832C8262A201C005D1746 /* AppDelegate.swift */,
				F35832CA262A201C005D1746 /* SceneDelegate.swift */,
				F35832FB262A2060005D1746 /* Modules */,
				F3583304262A2139005D1746 /* Source */,
				F35832D1262A201D005D1746 /* Assets.xcassets */,
				F35832D3262A201D005D1746 /* LaunchScreen.storyboard */,
				F35832D6262A201D005D1746 /* Info.plist */,
			);
			path = Guidomia;
			sourceTree = "<group>";
		};
		F35832DE262A201E005D1746 /* GuidomiaTests */ = {
			isa = PBXGroup;
			children = (
				F35832DF262A201E005D1746 /* GuidomiaTests.swift */,
				F35832E1262A201E005D1746 /* Info.plist */,
			);
			path = GuidomiaTests;
			sourceTree = "<group>";
		};
		F35832E9262A201E005D1746 /* GuidomiaUITests */ = {
			isa = PBXGroup;
			children = (
				F35832EA262A201E005D1746 /* GuidomiaUITests.swift */,
				F35832EC262A201E005D1746 /* Info.plist */,
			);
			path = GuidomiaUITests;
			sourceTree = "<group>";
		};
		F35832FB262A2060005D1746 /* Modules */ = {
			isa = PBXGroup;
			children = (
				F3583324262A3249005D1746 /* HomePage */,
			);
			path = Modules;
			sourceTree = "<group>";
		};
		F3583304262A2139005D1746 /* Source */ = {
			isa = PBXGroup;
			children = (
				F3583327262A32A3005D1746 /* JsonData */,
				F3583323262A2EE3005D1746 /* Managers */,
				F3583306262A21B4005D1746 /* Images */,
				F3583305262A2149005D1746 /* Common */,
			);
			path = Source;
			sourceTree = "<group>";
		};
		F3583305262A2149005D1746 /* Common */ = {
			isa = PBXGroup;
			children = (
				F362BEE7262E7C0800538B2A /* Uitilities */,
				F3583307262A21BB005D1746 /* Constant */,
			);
			path = Common;
			sourceTree = "<group>";
		};
		F3583306262A21B4005D1746 /* Images */ = {
			isa = PBXGroup;
			children = (
				F358330E262A21FF005D1746 /* Alpine_roadster.jpg */,
				F358330F262A21FF005D1746 /* BMW_330i.jpg */,
				F3583310262A21FF005D1746 /* Mercedez_benz_GLC.jpg */,
				F3583311262A21FF005D1746 /* Range_Rover.jpg */,
				F358330D262A21FF005D1746 /* Tacoma.jpg */,
			);
			path = Images;
			sourceTree = "<group>";
		};
		F3583307262A21BB005D1746 /* Constant */ = {
			isa = PBXGroup;
			children = (
				F362BECE262E6BA400538B2A /* K.swift */,
			);
			path = Constant;
			sourceTree = "<group>";
		};
		F358331A262A2261005D1746 /* Model */ = {
			isa = PBXGroup;
			children = (
				F358331B262A23BC005D1746 /* CarModel.swift */,
			);
			path = Model;
			sourceTree = "<group>";
		};
		F3583323262A2EE3005D1746 /* Managers */ = {
			isa = PBXGroup;
			children = (
				F36FEBAB262CC3D700484710 /* Network */,
			);
			path = Managers;
			sourceTree = "<group>";
		};
		F3583324262A3249005D1746 /* HomePage */ = {
			isa = PBXGroup;
			children = (
				F358331A262A2261005D1746 /* Model */,
				F3583325262A325A005D1746 /* View */,
				F3583326262A328A005D1746 /* ViewModel */,
			);
			path = HomePage;
			sourceTree = "<group>";
		};
		F3583325262A325A005D1746 /* View */ = {
			isa = PBXGroup;
			children = (
				F35832CE262A201C005D1746 /* Main.storyboard */,
				F35832CC262A201C005D1746 /* ViewController.swift */,
				F362BED3262E6D0400538B2A /* CarListCell */,
			);
			path = View;
			sourceTree = "<group>";
		};
		F3583326262A328A005D1746 /* ViewModel */ = {
			isa = PBXGroup;
			children = (
				F36FEBB1262CC76200484710 /* CarViewModel.swift */,
			);
			path = ViewModel;
			sourceTree = "<group>";
		};
		F3583327262A32A3005D1746 /* JsonData */ = {
			isa = PBXGroup;
			children = (
				F3583308262A21DF005D1746 /* car_list.json */,
			);
			path = JsonData;
			sourceTree = "<group>";
		};
		F362BED3262E6D0400538B2A /* CarListCell */ = {
			isa = PBXGroup;
			children = (
				F362BED4262E6D2F00538B2A /* CarListTableViewCell.swift */,
				F362BED5262E6D2F00538B2A /* CarListTableViewCell.xib */,
			);
			path = CarListCell;
			sourceTree = "<group>";
		};
		F362BEE7262E7C0800538B2A /* Uitilities */ = {
			isa = PBXGroup;
			children = (
				F362BEE8262E7C0800538B2A /* CustomView.swift */,
				F362BEE9262E7C0800538B2A /* RoundedRectButton.swift */,
				F362BEEA262E7C0800538B2A /* Loader.swift */,
			);
			path = Uitilities;
			sourceTree = "<group>";
		};
		F36FEBAB262CC3D700484710 /* Network */ = {
			isa = PBXGroup;
			children = (
				F36FEBAC262CC41400484710 /* NetwrokManager.swift */,
			);
			path = Network;
			sourceTree = "<group>";
		};
/* End PBXGroup section */

/* Begin PBXNativeTarget section */
		F35832C4262A201C005D1746 /* Guidomia */ = {
			isa = PBXNativeTarget;
			buildConfigurationList = F35832EF262A201E005D1746 /* Build configuration list for PBXNativeTarget "Guidomia" */;
			buildPhases = (
				08AD394C482CE34457599784 /* [CP] Check Pods Manifest.lock */,
				F35832C1262A201C005D1746 /* Sources */,
				F35832C2262A201C005D1746 /* Frameworks */,
				F35832C3262A201C005D1746 /* Resources */,
				6D1BFD27B6FA251036D5F0D2 /* [CP] Embed Pods Frameworks */,
			);
			buildRules = (
			);
			dependencies = (
			);
			name = Guidomia;
			productName = Guidomia;
			productReference = F35832C5262A201C005D1746 /* Guidomia.app */;
			productType = "com.apple.product-type.application";
		};
		F35832DA262A201E005D1746 /* GuidomiaTests */ = {
			isa = PBXNativeTarget;
			buildConfigurationList = F35832F2262A201E005D1746 /* Build configuration list for PBXNativeTarget "GuidomiaTests" */;
			buildPhases = (
				F6C896CF9BE0456D94297894 /* [CP] Check Pods Manifest.lock */,
				F35832D7262A201E005D1746 /* Sources */,
				F35832D8262A201E005D1746 /* Frameworks */,
				F35832D9262A201E005D1746 /* Resources */,
			);
			buildRules = (
			);
			dependencies = (
				F35832DD262A201E005D1746 /* PBXTargetDependency */,
			);
			name = GuidomiaTests;
			productName = GuidomiaTests;
			productReference = F35832DB262A201E005D1746 /* GuidomiaTests.xctest */;
			productType = "com.apple.product-type.bundle.unit-test";
		};
		F35832E5262A201E005D1746 /* GuidomiaUITests */ = {
			isa = PBXNativeTarget;
			buildConfigurationList = F35832F5262A201E005D1746 /* Build configuration list for PBXNativeTarget "GuidomiaUITests" */;
			buildPhases = (
				7724041BD421E7961A1ECD70 /* [CP] Check Pods Manifest.lock */,
				F35832E2262A201E005D1746 /* Sources */,
				F35832E3262A201E005D1746 /* Frameworks */,
				F35832E4262A201E005D1746 /* Resources */,
				EE4C1BF76ED8A8391FE94F8D /* [CP] Embed Pods Frameworks */,
			);
			buildRules = (
			);
			dependencies = (
				F35832E8262A201E005D1746 /* PBXTargetDependency */,
			);
			name = GuidomiaUITests;
			productName = GuidomiaUITests;
			productReference = F35832E6262A201E005D1746 /* GuidomiaUITests.xctest */;
			productType = "com.apple.product-type.bundle.ui-testing";
		};
/* End PBXNativeTarget section */

/* Begin PBXProject section */
		F35832BD262A201C005D1746 /* Project object */ = {
			isa = PBXProject;
			attributes = {
				LastSwiftUpdateCheck = 1240;
				LastUpgradeCheck = 1240;
				TargetAttributes = {
					F35832C4262A201C005D1746 = {
						CreatedOnToolsVersion = 12.4;
					};
					F35832DA262A201E005D1746 = {
						CreatedOnToolsVersion = 12.4;
						TestTargetID = F35832C4262A201C005D1746;
					};
					F35832E5262A201E005D1746 = {
						CreatedOnToolsVersion = 12.4;
						TestTargetID = F35832C4262A201C005D1746;
					};
				};
			};
			buildConfigurationList = F35832C0262A201C005D1746 /* Build configuration list for PBXProject "Guidomia" */;
			compatibilityVersion = "Xcode 9.3";
			developmentRegion = en;
			hasScannedForEncodings = 0;
			knownRegions = (
				en,
				Base,
			);
			mainGroup = F35832BC262A201C005D1746;
			productRefGroup = F35832C6262A201C005D1746 /* Products */;
			projectDirPath = "";
			projectRoot = "";
			targets = (
				F35832C4262A201C005D1746 /* Guidomia */,
				F35832DA262A201E005D1746 /* GuidomiaTests */,
				F35832E5262A201E005D1746 /* GuidomiaUITests */,
			);
		};
/* End PBXProject section */

/* Begin PBXResourcesBuildPhase section */
		F35832C3262A201C005D1746 /* Resources */ = {
			isa = PBXResourcesBuildPhase;
			buildActionMask = 2147483647;
			files = (
				F3583313262A21FF005D1746 /* Alpine_roadster.jpg in Resources */,
				F3583314262A21FF005D1746 /* BMW_330i.jpg in Resources */,
				F362BED7262E6D2F00538B2A /* CarListTableViewCell.xib in Resources */,
				F35832D5262A201D005D1746 /* LaunchScreen.storyboard in Resources */,
				F35832D2262A201D005D1746 /* Assets.xcassets in Resources */,
				F3583309262A21DF005D1746 /* car_list.json in Resources */,
				F3583312262A21FF005D1746 /* Tacoma.jpg in Resources */,
				F3583315262A21FF005D1746 /* Mercedez_benz_GLC.jpg in Resources */,
				F3583316262A21FF005D1746 /* Range_Rover.jpg in Resources */,
				F35832D0262A201C005D1746 /* Main.storyboard in Resources */,
			);
			runOnlyForDeploymentPostprocessing = 0;
		};
		F35832D9262A201E005D1746 /* Resources */ = {
			isa = PBXResourcesBuildPhase;
			buildActionMask = 2147483647;
			files = (
			);
			runOnlyForDeploymentPostprocessing = 0;
		};
		F35832E4262A201E005D1746 /* Resources */ = {
			isa = PBXResourcesBuildPhase;
			buildActionMask = 2147483647;
			files = (
			);
			runOnlyForDeploymentPostprocessing = 0;
		};
/* End PBXResourcesBuildPhase section */

/* Begin PBXShellScriptBuildPhase section */
		08AD394C482CE34457599784 /* [CP] Check Pods Manifest.lock */ = {
			isa = PBXShellScriptBuildPhase;
			buildActionMask = 2147483647;
			files = (
			);
			inputFileListPaths = (
			);
			inputPaths = (
				"${PODS_PODFILE_DIR_PATH}/Podfile.lock",
				"${PODS_ROOT}/Manifest.lock",
			);
			name = "[CP] Check Pods Manifest.lock";
			outputFileListPaths = (
			);
			outputPaths = (
				"$(DERIVED_FILE_DIR)/Pods-Guidomia-checkManifestLockResult.txt",
			);
			runOnlyForDeploymentPostprocessing = 0;
			shellPath = /bin/sh;
			shellScript = "diff \"${PODS_PODFILE_DIR_PATH}/Podfile.lock\" \"${PODS_ROOT}/Manifest.lock\" > /dev/null\nif [ $? != 0 ] ; then\n    # print error to STDERR\n    echo \"error: The sandbox is not in sync with the Podfile.lock. Run 'pod install' or update your CocoaPods installation.\" >&2\n    exit 1\nfi\n# This output is used by Xcode 'outputs' to avoid re-running this script phase.\necho \"SUCCESS\" > \"${SCRIPT_OUTPUT_FILE_0}\"\n";
			showEnvVarsInLog = 0;
		};
		6D1BFD27B6FA251036D5F0D2 /* [CP] Embed Pods Frameworks */ = {
			isa = PBXShellScriptBuildPhase;
			buildActionMask = 2147483647;
			files = (
			);
			inputFileListPaths = (
				"${PODS_ROOT}/Target Support Files/Pods-Guidomia/Pods-Guidomia-frameworks-${CONFIGURATION}-input-files.xcfilelist",
			);
			name = "[CP] Embed Pods Frameworks";
			outputFileListPaths = (
				"${PODS_ROOT}/Target Support Files/Pods-Guidomia/Pods-Guidomia-frameworks-${CONFIGURATION}-output-files.xcfilelist",
			);
			runOnlyForDeploymentPostprocessing = 0;
			shellPath = /bin/sh;
			shellScript = "\"${PODS_ROOT}/Target Support Files/Pods-Guidomia/Pods-Guidomia-frameworks.sh\"\n";
			showEnvVarsInLog = 0;
		};
		7724041BD421E7961A1ECD70 /* [CP] Check Pods Manifest.lock */ = {
			isa = PBXShellScriptBuildPhase;
			buildActionMask = 2147483647;
			files = (
			);
			inputFileListPaths = (
			);
			inputPaths = (
				"${PODS_PODFILE_DIR_PATH}/Podfile.lock",
				"${PODS_ROOT}/Manifest.lock",
			);
			name = "[CP] Check Pods Manifest.lock";
			outputFileListPaths = (
			);
			outputPaths = (
				"$(DERIVED_FILE_DIR)/Pods-Guidomia-GuidomiaUITests-checkManifestLockResult.txt",
			);
			runOnlyForDeploymentPostprocessing = 0;
			shellPath = /bin/sh;
			shellScript = "diff \"${PODS_PODFILE_DIR_PATH}/Podfile.lock\" \"${PODS_ROOT}/Manifest.lock\" > /dev/null\nif [ $? != 0 ] ; then\n    # print error to STDERR\n    echo \"error: The sandbox is not in sync with the Podfile.lock. Run 'pod install' or update your CocoaPods installation.\" >&2\n    exit 1\nfi\n# This output is used by Xcode 'outputs' to avoid re-running this script phase.\necho \"SUCCESS\" > \"${SCRIPT_OUTPUT_FILE_0}\"\n";
			showEnvVarsInLog = 0;
		};
		EE4C1BF76ED8A8391FE94F8D /* [CP] Embed Pods Frameworks */ = {
			isa = PBXShellScriptBuildPhase;
			buildActionMask = 2147483647;
			files = (
			);
			inputFileListPaths = (
				"${PODS_ROOT}/Target Support Files/Pods-Guidomia-GuidomiaUITests/Pods-Guidomia-GuidomiaUITests-frameworks-${CONFIGURATION}-input-files.xcfilelist",
			);
			name = "[CP] Embed Pods Frameworks";
			outputFileListPaths = (
				"${PODS_ROOT}/Target Support Files/Pods-Guidomia-GuidomiaUITests/Pods-Guidomia-GuidomiaUITests-frameworks-${CONFIGURATION}-output-files.xcfilelist",
			);
			runOnlyForDeploymentPostprocessing = 0;
			shellPath = /bin/sh;
			shellScript = "\"${PODS_ROOT}/Target Support Files/Pods-Guidomia-GuidomiaUITests/Pods-Guidomia-GuidomiaUITests-frameworks.sh\"\n";
			showEnvVarsInLog = 0;
		};
		F6C896CF9BE0456D94297894 /* [CP] Check Pods Manifest.lock */ = {
			isa = PBXShellScriptBuildPhase;
			buildActionMask = 2147483647;
			files = (
			);
			inputFileListPaths = (
			);
			inputPaths = (
				"${PODS_PODFILE_DIR_PATH}/Podfile.lock",
				"${PODS_ROOT}/Manifest.lock",
			);
			name = "[CP] Check Pods Manifest.lock";
			outputFileListPaths = (
			);
			outputPaths = (
				"$(DERIVED_FILE_DIR)/Pods-GuidomiaTests-checkManifestLockResult.txt",
			);
			runOnlyForDeploymentPostprocessing = 0;
			shellPath = /bin/sh;
			shellScript = "diff \"${PODS_PODFILE_DIR_PATH}/Podfile.lock\" \"${PODS_ROOT}/Manifest.lock\" > /dev/null\nif [ $? != 0 ] ; then\n    # print error to STDERR\n    echo \"error: The sandbox is not in sync with the Podfile.lock. Run 'pod install' or update your CocoaPods installation.\" >&2\n    exit 1\nfi\n# This output is used by Xcode 'outputs' to avoid re-running this script phase.\necho \"SUCCESS\" > \"${SCRIPT_OUTPUT_FILE_0}\"\n";
			showEnvVarsInLog = 0;
		};
/* End PBXShellScriptBuildPhase section */

/* Begin PBXSourcesBuildPhase section */
		F35832C1262A201C005D1746 /* Sources */ = {
			isa = PBXSourcesBuildPhase;
			buildActionMask = 2147483647;
			files = (
				F358331C262A23BC005D1746 /* CarModel.swift in Sources */,
				F362BECF262E6BA400538B2A /* K.swift in Sources */,
				F362BED6262E6D2F00538B2A /* CarListTableViewCell.swift in Sources */,
				F362BEEB262E7C0800538B2A /* CustomView.swift in Sources */,
				F36FEBB2262CC76200484710 /* CarViewModel.swift in Sources */,
				F35832CD262A201C005D1746 /* ViewController.swift in Sources */,
				F35832C9262A201C005D1746 /* AppDelegate.swift in Sources */,
				F362BEEC262E7C0800538B2A /* RoundedRectButton.swift in Sources */,
				F362BEED262E7C0800538B2A /* Loader.swift in Sources */,
				F35832CB262A201C005D1746 /* SceneDelegate.swift in Sources */,
				F36FEBAD262CC41400484710 /* NetwrokManager.swift in Sources */,
			);
			runOnlyForDeploymentPostprocessing = 0;
		};
		F35832D7262A201E005D1746 /* Sources */ = {
			isa = PBXSourcesBuildPhase;
			buildActionMask = 2147483647;
			files = (
				F35832E0262A201E005D1746 /* GuidomiaTests.swift in Sources */,
			);
			runOnlyForDeploymentPostprocessing = 0;
		};
		F35832E2262A201E005D1746 /* Sources */ = {
			isa = PBXSourcesBuildPhase;
			buildActionMask = 2147483647;
			files = (
				F35832EB262A201E005D1746 /* GuidomiaUITests.swift in Sources */,
			);
			runOnlyForDeploymentPostprocessing = 0;
		};
/* End PBXSourcesBuildPhase section */

/* Begin PBXTargetDependency section */
		F35832DD262A201E005D1746 /* PBXTargetDependency */ = {
			isa = PBXTargetDependency;
			target = F35832C4262A201C005D1746 /* Guidomia */;
			targetProxy = F35832DC262A201E005D1746 /* PBXContainerItemProxy */;
		};
		F35832E8262A201E005D1746 /* PBXTargetDependency */ = {
			isa = PBXTargetDependency;
			target = F35832C4262A201C005D1746 /* Guidomia */;
			targetProxy = F35832E7262A201E005D1746 /* PBXContainerItemProxy */;
		};
/* End PBXTargetDependency section */

/* Begin PBXVariantGroup section */
		F35832CE262A201C005D1746 /* Main.storyboard */ = {
			isa = PBXVariantGroup;
			children = (
				F35832CF262A201C005D1746 /* Base */,
			);
			name = Main.storyboard;
			sourceTree = "<group>";
		};
		F35832D3262A201D005D1746 /* LaunchScreen.storyboard */ = {
			isa = PBXVariantGroup;
			children = (
				F35832D4262A201D005D1746 /* Base */,
			);
			name = LaunchScreen.storyboard;
			sourceTree = "<group>";
		};
/* End PBXVariantGroup section */

/* Begin XCBuildConfiguration section */
		F35832ED262A201E005D1746 /* Debug */ = {
			isa = XCBuildConfiguration;
			buildSettings = {
				ALWAYS_SEARCH_USER_PATHS = NO;
				CLANG_ANALYZER_NONNULL = YES;
				CLANG_ANALYZER_NUMBER_OBJECT_CONVERSION = YES_AGGRESSIVE;
				CLANG_CXX_LANGUAGE_STANDARD = "gnu++14";
				CLANG_CXX_LIBRARY = "libc++";
				CLANG_ENABLE_MODULES = YES;
				CLANG_ENABLE_OBJC_ARC = YES;
				CLANG_ENABLE_OBJC_WEAK = YES;
				CLANG_WARN_BLOCK_CAPTURE_AUTORELEASING = YES;
				CLANG_WARN_BOOL_CONVERSION = YES;
				CLANG_WARN_COMMA = YES;
				CLANG_WARN_CONSTANT_CONVERSION = YES;
				CLANG_WARN_DEPRECATED_OBJC_IMPLEMENTATIONS = YES;
				CLANG_WARN_DIRECT_OBJC_ISA_USAGE = YES_ERROR;
				CLANG_WARN_DOCUMENTATION_COMMENTS = YES;
				CLANG_WARN_EMPTY_BODY = YES;
				CLANG_WARN_ENUM_CONVERSION = YES;
				CLANG_WARN_INFINITE_RECURSION = YES;
				CLANG_WARN_INT_CONVERSION = YES;
				CLANG_WARN_NON_LITERAL_NULL_CONVERSION = YES;
				CLANG_WARN_OBJC_IMPLICIT_RETAIN_SELF = YES;
				CLANG_WARN_OBJC_LITERAL_CONVERSION = YES;
				CLANG_WARN_OBJC_ROOT_CLASS = YES_ERROR;
				CLANG_WARN_QUOTED_INCLUDE_IN_FRAMEWORK_HEADER = YES;
				CLANG_WARN_RANGE_LOOP_ANALYSIS = YES;
				CLANG_WARN_STRICT_PROTOTYPES = YES;
				CLANG_WARN_SUSPICIOUS_MOVE = YES;
				CLANG_WARN_UNGUARDED_AVAILABILITY = YES_AGGRESSIVE;
				CLANG_WARN_UNREACHABLE_CODE = YES;
				CLANG_WARN__DUPLICATE_METHOD_MATCH = YES;
				COPY_PHASE_STRIP = NO;
				DEBUG_INFORMATION_FORMAT = dwarf;
				ENABLE_STRICT_OBJC_MSGSEND = YES;
				ENABLE_TESTABILITY = YES;
				GCC_C_LANGUAGE_STANDARD = gnu11;
				GCC_DYNAMIC_NO_PIC = NO;
				GCC_NO_COMMON_BLOCKS = YES;
				GCC_OPTIMIZATION_LEVEL = 0;
				GCC_PREPROCESSOR_DEFINITIONS = (
					"DEBUG=1",
					"$(inherited)",
				);
				GCC_WARN_64_TO_32_BIT_CONVERSION = YES;
				GCC_WARN_ABOUT_RETURN_TYPE = YES_ERROR;
				GCC_WARN_UNDECLARED_SELECTOR = YES;
				GCC_WARN_UNINITIALIZED_AUTOS = YES_AGGRESSIVE;
				GCC_WARN_UNUSED_FUNCTION = YES;
				GCC_WARN_UNUSED_VARIABLE = YES;
				IPHONEOS_DEPLOYMENT_TARGET = 14.4;
				MTL_ENABLE_DEBUG_INFO = INCLUDE_SOURCE;
				MTL_FAST_MATH = YES;
				ONLY_ACTIVE_ARCH = YES;
				SDKROOT = iphoneos;
				SWIFT_ACTIVE_COMPILATION_CONDITIONS = DEBUG;
				SWIFT_OPTIMIZATION_LEVEL = "-Onone";
			};
			name = Debug;
		};
		F35832EE262A201E005D1746 /* Release */ = {
			isa = XCBuildConfiguration;
			buildSettings = {
				ALWAYS_SEARCH_USER_PATHS = NO;
				CLANG_ANALYZER_NONNULL = YES;
				CLANG_ANALYZER_NUMBER_OBJECT_CONVERSION = YES_AGGRESSIVE;
				CLANG_CXX_LANGUAGE_STANDARD = "gnu++14";
				CLANG_CXX_LIBRARY = "libc++";
				CLANG_ENABLE_MODULES = YES;
				CLANG_ENABLE_OBJC_ARC = YES;
				CLANG_ENABLE_OBJC_WEAK = YES;
				CLANG_WARN_BLOCK_CAPTURE_AUTORELEASING = YES;
				CLANG_WARN_BOOL_CONVERSION = YES;
				CLANG_WARN_COMMA = YES;
				CLANG_WARN_CONSTANT_CONVERSION = YES;
				CLANG_WARN_DEPRECATED_OBJC_IMPLEMENTATIONS = YES;
				CLANG_WARN_DIRECT_OBJC_ISA_USAGE = YES_ERROR;
				CLANG_WARN_DOCUMENTATION_COMMENTS = YES;
				CLANG_WARN_EMPTY_BODY = YES;
				CLANG_WARN_ENUM_CONVERSION = YES;
				CLANG_WARN_INFINITE_RECURSION = YES;
				CLANG_WARN_INT_CONVERSION = YES;
				CLANG_WARN_NON_LITERAL_NULL_CONVERSION = YES;
				CLANG_WARN_OBJC_IMPLICIT_RETAIN_SELF = YES;
				CLANG_WARN_OBJC_LITERAL_CONVERSION = YES;
				CLANG_WARN_OBJC_ROOT_CLASS = YES_ERROR;
				CLANG_WARN_QUOTED_INCLUDE_IN_FRAMEWORK_HEADER = YES;
				CLANG_WARN_RANGE_LOOP_ANALYSIS = YES;
				CLANG_WARN_STRICT_PROTOTYPES = YES;
				CLANG_WARN_SUSPICIOUS_MOVE = YES;
				CLANG_WARN_UNGUARDED_AVAILABILITY = YES_AGGRESSIVE;
				CLANG_WARN_UNREACHABLE_CODE = YES;
				CLANG_WARN__DUPLICATE_METHOD_MATCH = YES;
				COPY_PHASE_STRIP = NO;
				DEBUG_INFORMATION_FORMAT = "dwarf-with-dsym";
				ENABLE_NS_ASSERTIONS = NO;
				ENABLE_STRICT_OBJC_MSGSEND = YES;
				GCC_C_LANGUAGE_STANDARD = gnu11;
				GCC_NO_COMMON_BLOCKS = YES;
				GCC_WARN_64_TO_32_BIT_CONVERSION = YES;
				GCC_WARN_ABOUT_RETURN_TYPE = YES_ERROR;
				GCC_WARN_UNDECLARED_SELECTOR = YES;
				GCC_WARN_UNINITIALIZED_AUTOS = YES_AGGRESSIVE;
				GCC_WARN_UNUSED_FUNCTION = YES;
				GCC_WARN_UNUSED_VARIABLE = YES;
				IPHONEOS_DEPLOYMENT_TARGET = 14.4;
				MTL_ENABLE_DEBUG_INFO = NO;
				MTL_FAST_MATH = YES;
				SDKROOT = iphoneos;
				SWIFT_COMPILATION_MODE = wholemodule;
				SWIFT_OPTIMIZATION_LEVEL = "-O";
				VALIDATE_PRODUCT = YES;
			};
			name = Release;
		};
		F35832F0262A201E005D1746 /* Debug */ = {
			isa = XCBuildConfiguration;
			baseConfigurationReference = D96CAFE2946770CF608CFA43 /* Pods-Guidomia.debug.xcconfig */;
			buildSettings = {
				ASSETCATALOG_COMPILER_APPICON_NAME = AppIcon;
				ASSETCATALOG_COMPILER_GLOBAL_ACCENT_COLOR_NAME = AccentColor;
				CODE_SIGN_STYLE = Automatic;
				DEVELOPMENT_TEAM = 65QC2A2R5W;
				INFOPLIST_FILE = Guidomia/Info.plist;
				LD_RUNPATH_SEARCH_PATHS = (
					"$(inherited)",
					"@executable_path/Frameworks",
				);
				PRODUCT_BUNDLE_IDENTIFIER = com.wildcard.Guidomia;
				PRODUCT_NAME = "$(TARGET_NAME)";
				SWIFT_VERSION = 5.0;
				TARGETED_DEVICE_FAMILY = "1,2";
			};
			name = Debug;
		};
		F35832F1262A201E005D1746 /* Release */ = {
			isa = XCBuildConfiguration;
			baseConfigurationReference = 3EF2A001663BAA7BEAF2F68C /* Pods-Guidomia.release.xcconfig */;
			buildSettings = {
				ASSETCATALOG_COMPILER_APPICON_NAME = AppIcon;
				ASSETCATALOG_COMPILER_GLOBAL_ACCENT_COLOR_NAME = AccentColor;
				CODE_SIGN_STYLE = Automatic;
				DEVELOPMENT_TEAM = 65QC2A2R5W;
				INFOPLIST_FILE = Guidomia/Info.plist;
				LD_RUNPATH_SEARCH_PATHS = (
					"$(inherited)",
					"@executable_path/Frameworks",
				);
				PRODUCT_BUNDLE_IDENTIFIER = com.wildcard.Guidomia;
				PRODUCT_NAME = "$(TARGET_NAME)";
				SWIFT_VERSION = 5.0;
				TARGETED_DEVICE_FAMILY = "1,2";
			};
			name = Release;
		};
		F35832F3262A201E005D1746 /* Debug */ = {
			isa = XCBuildConfiguration;
			baseConfigurationReference = 93C0B8847D708304148613EC /* Pods-GuidomiaTests.debug.xcconfig */;
			buildSettings = {
				ALWAYS_EMBED_SWIFT_STANDARD_LIBRARIES = YES;
				BUNDLE_LOADER = "$(TEST_HOST)";
				CODE_SIGN_STYLE = Automatic;
				DEVELOPMENT_TEAM = 65QC2A2R5W;
				INFOPLIST_FILE = GuidomiaTests/Info.plist;
				IPHONEOS_DEPLOYMENT_TARGET = 14.4;
				LD_RUNPATH_SEARCH_PATHS = (
					"$(inherited)",
					"@executable_path/Frameworks",
					"@loader_path/Frameworks",
				);
				PRODUCT_BUNDLE_IDENTIFIER = "com.wildcard.-.GuidomiaTests";
				PRODUCT_NAME = "$(TARGET_NAME)";
				SWIFT_VERSION = 5.0;
				TARGETED_DEVICE_FAMILY = "1,2";
				TEST_HOST = "$(BUILT_PRODUCTS_DIR)/Guidomia.app/Guidomia";
			};
			name = Debug;
		};
		F35832F4262A201E005D1746 /* Release */ = {
			isa = XCBuildConfiguration;
			baseConfigurationReference = 046FF286232C58F411A199A7 /* Pods-GuidomiaTests.release.xcconfig */;
			buildSettings = {
				ALWAYS_EMBED_SWIFT_STANDARD_LIBRARIES = YES;
				BUNDLE_LOADER = "$(TEST_HOST)";
				CODE_SIGN_STYLE = Automatic;
				DEVELOPMENT_TEAM = 65QC2A2R5W;
				INFOPLIST_FILE = GuidomiaTests/Info.plist;
				IPHONEOS_DEPLOYMENT_TARGET = 14.4;
				LD_RUNPATH_SEARCH_PATHS = (
					"$(inherited)",
					"@executable_path/Frameworks",
					"@loader_path/Frameworks",
				);
				PRODUCT_BUNDLE_IDENTIFIER = "com.wildcard.-.GuidomiaTests";
				PRODUCT_NAME = "$(TARGET_NAME)";
				SWIFT_VERSION = 5.0;
				TARGETED_DEVICE_FAMILY = "1,2";
				TEST_HOST = "$(BUILT_PRODUCTS_DIR)/Guidomia.app/Guidomia";
			};
			name = Release;
		};
		F35832F6262A201E005D1746 /* Debug */ = {
			isa = XCBuildConfiguration;
			baseConfigurationReference = E644FD739C8954F397E34CD7 /* Pods-Guidomia-GuidomiaUITests.debug.xcconfig */;
			buildSettings = {
				ALWAYS_EMBED_SWIFT_STANDARD_LIBRARIES = YES;
				CODE_SIGN_STYLE = Automatic;
				DEVELOPMENT_TEAM = 65QC2A2R5W;
				INFOPLIST_FILE = GuidomiaUITests/Info.plist;
				LD_RUNPATH_SEARCH_PATHS = (
					"$(inherited)",
					"@executable_path/Frameworks",
					"@loader_path/Frameworks",
				);
				PRODUCT_BUNDLE_IDENTIFIER = "com.wildcard.-.GuidomiaUITests";
				PRODUCT_NAME = "$(TARGET_NAME)";
				SWIFT_VERSION = 5.0;
				TARGETED_DEVICE_FAMILY = "1,2";
				TEST_TARGET_NAME = Guidomia;
			};
			name = Debug;
		};
		F35832F7262A201E005D1746 /* Release */ = {
			isa = XCBuildConfiguration;
			baseConfigurationReference = 431A8BD81087F5F9BDEFEF17 /* Pods-Guidomia-GuidomiaUITests.release.xcconfig */;
			buildSettings = {
				ALWAYS_EMBED_SWIFT_STANDARD_LIBRARIES = YES;
				CODE_SIGN_STYLE = Automatic;
				DEVELOPMENT_TEAM = 65QC2A2R5W;
				INFOPLIST_FILE = GuidomiaUITests/Info.plist;
				LD_RUNPATH_SEARCH_PATHS = (
					"$(inherited)",
					"@executable_path/Frameworks",
					"@loader_path/Frameworks",
				);
				PRODUCT_BUNDLE_IDENTIFIER = "com.wildcard.-.GuidomiaUITests";
				PRODUCT_NAME = "$(TARGET_NAME)";
				SWIFT_VERSION = 5.0;
				TARGETED_DEVICE_FAMILY = "1,2";
				TEST_TARGET_NAME = Guidomia;
			};
			name = Release;
		};
/* End XCBuildConfiguration section */

/* Begin XCConfigurationList section */
		F35832C0262A201C005D1746 /* Build configuration list for PBXProject "Guidomia" */ = {
			isa = XCConfigurationList;
			buildConfigurations = (
				F35832ED262A201E005D1746 /* Debug */,
				F35832EE262A201E005D1746 /* Release */,
			);
			defaultConfigurationIsVisible = 0;
			defaultConfigurationName = Release;
		};
		F35832EF262A201E005D1746 /* Build configuration list for PBXNativeTarget "Guidomia" */ = {
			isa = XCConfigurationList;
			buildConfigurations = (
				F35832F0262A201E005D1746 /* Debug */,
				F35832F1262A201E005D1746 /* Release */,
			);
			defaultConfigurationIsVisible = 0;
			defaultConfigurationName = Release;
		};
		F35832F2262A201E005D1746 /* Build configuration list for PBXNativeTarget "GuidomiaTests" */ = {
			isa = XCConfigurationList;
			buildConfigurations = (
				F35832F3262A201E005D1746 /* Debug */,
				F35832F4262A201E005D1746 /* Release */,
			);
			defaultConfigurationIsVisible = 0;
			defaultConfigurationName = Release;
		};
		F35832F5262A201E005D1746 /* Build configuration list for PBXNativeTarget "GuidomiaUITests" */ = {
			isa = XCConfigurationList;
			buildConfigurations = (
				F35832F6262A201E005D1746 /* Debug */,
				F35832F7262A201E005D1746 /* Release */,
			);
			defaultConfigurationIsVisible = 0;
			defaultConfigurationName = Release;
		};
/* End XCConfigurationList section */
	};
	rootObject = F35832BD262A201C005D1746 /* Project object */;
}
